
Microsoft Visual Studio Solution File, Format Version 12.00
Project("{FAE04EC0-301F-11D3-BF4B-00C04F79EFBC}") = "RilquiChat.Domain", "src\backend\RilquiChat.Domain\RilquiChat.Domain.csproj", "{8D2A0280-9D2C-4F41-BA8E-07242D7589F2}"
EndProject
Project("{FAE04EC0-301F-11D3-BF4B-00C04F79EFBC}") = "RilquiChat.Application", "src\backend\RilquiChat.Application\RilquiChat.Application.csproj", "{C53E92FF-AEAF-44C9-A234-736FB211D05C}"
EndProject
Project("{FAE04EC0-301F-11D3-BF4B-00C04F79EFBC}") = "RilquiChat.Infrastructure", "src\backend\RilquiChat.Infrastructure\RilquiChat.Infrastructure.csproj", "{9B2CB6F7-F727-4F5F-AC17-651670BACC30}"
EndProject
Project("{FAE04EC0-301F-11D3-BF4B-00C04F79EFBC}") = "RilquiChat.WebApi", "src\backend\RilquiChat.WebApi\RilquiChat.WebApi.csproj", "{E2BCA30A-A19D-43AB-8FAC-C23F5C73D2FF}"
EndProject
Project("{FAE04EC0-301F-11D3-BF4B-00C04F79EFBC}") = "RilquiChat.Tests", "src\backend\RilquiChat.Tests\RilquiChat.Tests.csproj", "{77DB2E4F-80F8-444A-9519-E71B4057F7F6}"
EndProject
Global
	GlobalSection(SolutionConfigurationPlatforms) = preSolution
		Debug|Any CPU = Debug|Any CPU
		Release|Any CPU = Release|Any CPU
	EndGlobalSection
	GlobalSection(ProjectConfigurationPlatforms) = postSolution
		{8D2A0280-9D2C-4F41-BA8E-07242D7589F2}.Debug|Any CPU.ActiveCfg = Debug|Any CPU
		{8D2A0280-9D2C-4F41-BA8E-07242D7589F2}.Debug|Any CPU.Build.0 = Debug|Any CPU
		{8D2A0280-9D2C-4F41-BA8E-07242D7589F2}.Release|Any CPU.ActiveCfg = Release|Any CPU
		{8D2A0280-9D2C-4F41-BA8E-07242D7589F2}.Release|Any CPU.Build.0 = Release|Any CPU
		{C53E92FF-AEAF-44C9-A234-736FB211D05C}.Debug|Any CPU.ActiveCfg = Debug|Any CPU
		{C53E92FF-AEAF-44C9-A234-736FB211D05C}.Debug|Any CPU.Build.0 = Debug|Any CPU
		{C53E92FF-AEAF-44C9-A234-736FB211D05C}.Release|Any CPU.ActiveCfg = Release|Any CPU
		{C53E92FF-AEAF-44C9-A234-736FB211D05C}.Release|Any CPU.Build.0 = Release|Any CPU
		{9B2CB6F7-F727-4F5F-AC17-651670BACC30}.Debug|Any CPU.ActiveCfg = Debug|Any CPU
		{9B2CB6F7-F727-4F5F-AC17-651670BACC30}.Debug|Any CPU.Build.0 = Debug|Any CPU
		{9B2CB6F7-F727-4F5F-AC17-651670BACC30}.Release|Any CPU.ActiveCfg = Release|Any CPU
		{9B2CB6F7-F727-4F5F-AC17-651670BACC30}.Release|Any CPU.Build.0 = Release|Any CPU
		{E2BCA30A-A19D-43AB-8FAC-C23F5C73D2FF}.Debug|Any CPU.ActiveCfg = Debug|Any CPU
		{E2BCA30A-A19D-43AB-8FAC-C23F5C73D2FF}.Debug|Any CPU.Build.0 = Debug|Any CPU
		{E2BCA30A-A19D-43AB-8FAC-C23F5C73D2FF}.Release|Any CPU.ActiveCfg = Release|Any CPU
		{E2BCA30A-A19D-43AB-8FAC-C23F5C73D2FF}.Release|Any CPU.Build.0 = Release|Any CPU
		{77DB2E4F-80F8-444A-9519-E71B4057F7F6}.Debug|Any CPU.ActiveCfg = Debug|Any CPU
		{77DB2E4F-80F8-444A-9519-E71B4057F7F6}.Debug|Any CPU.Build.0 = Debug|Any CPU
		{77DB2E4F-80F8-444A-9519-E71B4057F7F6}.Release|Any CPU.ActiveCfg = Release|Any CPU
		{77DB2E4F-80F8-444A-9519-E71B4057F7F6}.Release|Any CPU.Build.0 = Release|Any CPU
	EndGlobalSection
EndGlobal
